
Microsoft Visual Studio Solution File, Format Version 12.00
# Visual Studio Version 16
VisualStudioVersion = 16.0.31829.152
MinimumVisualStudioVersion = 10.0.40219.1
Project("{FAE04EC0-301F-11D3-BF4B-00C04F79EFBC}") = "nz-vs2019-WebApp", "nz-vs2019-WebApp\nz-vs2019-WebApp.csproj", "{F77DB992-15A7-4BE9-AC73-6F57246F8650}"
EndProject
Global
	GlobalSection(SolutionConfigurationPlatforms) = preSolution
		Debug|Any CPU = Debug|Any CPU
		Release|Any CPU = Release|Any CPU
	EndGlobalSection
	GlobalSection(ProjectConfigurationPlatforms) = postSolution
		{F77DB992-15A7-4BE9-AC73-6F57246F8650}.Debug|Any CPU.ActiveCfg = Debug|Any CPU
		{F77DB992-15A7-4BE9-AC73-6F57246F8650}.Debug|Any CPU.Build.0 = Debug|Any CPU
		{F77DB992-15A7-4BE9-AC73-6F57246F8650}.Release|Any CPU.ActiveCfg = Release|Any CPU
		{F77DB992-15A7-4BE9-AC73-6F57246F8650}.Release|Any CPU.Build.0 = Release|Any CPU
	EndGlobalSection
	GlobalSection(SolutionProperties) = preSolution
		HideSolutionNode = FALSE
	EndGlobalSection
	GlobalSection(ExtensibilityGlobals) = postSolution
		SolutionGuid = {2DFBC24C-E632-4D54-92F0-4554F9171217}
	EndGlobalSection
EndGlobal
